
Microsoft Visual Studio Solution File, Format Version 12.00
# Visual Studio 15
VisualStudioVersion = 15.0.27130.2003
MinimumVisualStudioVersion = 10.0.40219.1
Project("{FAE04EC0-301F-11D3-BF4B-00C04F79EFBC}") = "Shooting.Android", "Shooting\Shooting.Android\Shooting.Android.csproj", "{32FFA46A-AF9B-4B33-A202-EC73E793F046}"
EndProject
Project("{FAE04EC0-301F-11D3-BF4B-00C04F79EFBC}") = "Shooting", "Shooting\Shooting\Shooting.csproj", "{FC6FED80-1B95-4FEA-AB5C-8D3F33C5AEED}"
EndProject
Project("{FAE04EC0-301F-11D3-BF4B-00C04F79EFBC}") = "Shooting.UWP", "Shooting\Shooting.UWP\Shooting.UWP.csproj", "{AD223197-2CEC-4F53-B7BC-A0823F2B7446}"
EndProject
Project("{FAE04EC0-301F-11D3-BF4B-00C04F79EFBC}") = "Shooting.iOS", "Shooting\Shooting.iOS\Shooting.iOS.csproj", "{8216052D-1993-4084-9507-B4A6336EA225}"
EndProject
Project("{FAE04EC0-301F-11D3-BF4B-00C04F79EFBC}") = "Web", "Web\Web.csproj", "{19C456F1-6DC4-44D9-B21B-B4734CAEBBFC}"
EndProject
Global
	GlobalSection(SolutionConfigurationPlatforms) = preSolution
		Ad-Hoc|Any CPU = Ad-Hoc|Any CPU
		Ad-Hoc|ARM = Ad-Hoc|ARM
		Ad-Hoc|iPhone = Ad-Hoc|iPhone
		Ad-Hoc|iPhoneSimulator = Ad-Hoc|iPhoneSimulator
		Ad-Hoc|x64 = Ad-Hoc|x64
		Ad-Hoc|x86 = Ad-Hoc|x86
		AppStore|Any CPU = AppStore|Any CPU
		AppStore|ARM = AppStore|ARM
		AppStore|iPhone = AppStore|iPhone
		AppStore|iPhoneSimulator = AppStore|iPhoneSimulator
		AppStore|x64 = AppStore|x64
		AppStore|x86 = AppStore|x86
		Debug|Any CPU = Debug|Any CPU
		Debug|ARM = Debug|ARM
		Debug|iPhone = Debug|iPhone
		Debug|iPhoneSimulator = Debug|iPhoneSimulator
		Debug|x64 = Debug|x64
		Debug|x86 = Debug|x86
		Release|Any CPU = Release|Any CPU
		Release|ARM = Release|ARM
		Release|iPhone = Release|iPhone
		Release|iPhoneSimulator = Release|iPhoneSimulator
		Release|x64 = Release|x64
		Release|x86 = Release|x86
	EndGlobalSection
	GlobalSection(ProjectConfigurationPlatforms) = postSolution
		{32FFA46A-AF9B-4B33-A202-EC73E793F046}.Ad-Hoc|Any CPU.ActiveCfg = Release|Any CPU
		{32FFA46A-AF9B-4B33-A202-EC73E793F046}.Ad-Hoc|Any CPU.Build.0 = Release|Any CPU
		{32FFA46A-AF9B-4B33-A202-EC73E793F046}.Ad-Hoc|Any CPU.Deploy.0 = Release|Any CPU
		{32FFA46A-AF9B-4B33-A202-EC73E793F046}.Ad-Hoc|ARM.ActiveCfg = Release|Any CPU
		{32FFA46A-AF9B-4B33-A202-EC73E793F046}.Ad-Hoc|ARM.Build.0 = Release|Any CPU
		{32FFA46A-AF9B-4B33-A202-EC73E793F046}.Ad-Hoc|ARM.Deploy.0 = Release|Any CPU
		{32FFA46A-AF9B-4B33-A202-EC73E793F046}.Ad-Hoc|iPhone.ActiveCfg = Release|Any CPU
		{32FFA46A-AF9B-4B33-A202-EC73E793F046}.Ad-Hoc|iPhone.Build.0 = Release|Any CPU
		{32FFA46A-AF9B-4B33-A202-EC73E793F046}.Ad-Hoc|iPhone.Deploy.0 = Release|Any CPU
		{32FFA46A-AF9B-4B33-A202-EC73E793F046}.Ad-Hoc|iPhoneSimulator.ActiveCfg = Release|Any CPU
		{32FFA46A-AF9B-4B33-A202-EC73E793F046}.Ad-Hoc|iPhoneSimulator.Build.0 = Release|Any CPU
		{32FFA46A-AF9B-4B33-A202-EC73E793F046}.Ad-Hoc|iPhoneSimulator.Deploy.0 = Release|Any CPU
		{32FFA46A-AF9B-4B33-A202-EC73E793F046}.Ad-Hoc|x64.ActiveCfg = Release|Any CPU
		{32FFA46A-AF9B-4B33-A202-EC73E793F046}.Ad-Hoc|x64.Build.0 = Release|Any CPU
		{32FFA46A-AF9B-4B33-A202-EC73E793F046}.Ad-Hoc|x64.Deploy.0 = Release|Any CPU
		{32FFA46A-AF9B-4B33-A202-EC73E793F046}.Ad-Hoc|x86.ActiveCfg = Release|Any CPU
		{32FFA46A-AF9B-4B33-A202-EC73E793F046}.Ad-Hoc|x86.Build.0 = Release|Any CPU
		{32FFA46A-AF9B-4B33-A202-EC73E793F046}.Ad-Hoc|x86.Deploy.0 = Release|Any CPU
		{32FFA46A-AF9B-4B33-A202-EC73E793F046}.AppStore|Any CPU.ActiveCfg = Release|Any CPU
		{32FFA46A-AF9B-4B33-A202-EC73E793F046}.AppStore|Any CPU.Build.0 = Release|Any CPU
		{32FFA46A-AF9B-4B33-A202-EC73E793F046}.AppStore|Any CPU.Deploy.0 = Release|Any CPU
		{32FFA46A-AF9B-4B33-A202-EC73E793F046}.AppStore|ARM.ActiveCfg = Release|Any CPU
		{32FFA46A-AF9B-4B33-A202-EC73E793F046}.AppStore|ARM.Build.0 = Release|Any CPU
		{32FFA46A-AF9B-4B33-A202-EC73E793F046}.AppStore|ARM.Deploy.0 = Release|Any CPU
		{32FFA46A-AF9B-4B33-A202-EC73E793F046}.AppStore|iPhone.ActiveCfg = Release|Any CPU
		{32FFA46A-AF9B-4B33-A202-EC73E793F046}.AppStore|iPhone.Build.0 = Release|Any CPU
		{32FFA46A-AF9B-4B33-A202-EC73E793F046}.AppStore|iPhone.Deploy.0 = Release|Any CPU
		{32FFA46A-AF9B-4B33-A202-EC73E793F046}.AppStore|iPhoneSimulator.ActiveCfg = Release|Any CPU
		{32FFA46A-AF9B-4B33-A202-EC73E793F046}.AppStore|iPhoneSimulator.Build.0 = Release|Any CPU
		{32FFA46A-AF9B-4B33-A202-EC73E793F046}.AppStore|iPhoneSimulator.Deploy.0 = Release|Any CPU
		{32FFA46A-AF9B-4B33-A202-EC73E793F046}.AppStore|x64.ActiveCfg = Release|Any CPU
		{32FFA46A-AF9B-4B33-A202-EC73E793F046}.AppStore|x64.Build.0 = Release|Any CPU
		{32FFA46A-AF9B-4B33-A202-EC73E793F046}.AppStore|x64.Deploy.0 = Release|Any CPU
		{32FFA46A-AF9B-4B33-A202-EC73E793F046}.AppStore|x86.ActiveCfg = Release|Any CPU
		{32FFA46A-AF9B-4B33-A202-EC73E793F046}.AppStore|x86.Build.0 = Release|Any CPU
		{32FFA46A-AF9B-4B33-A202-EC73E793F046}.AppStore|x86.Deploy.0 = Release|Any CPU
		{32FFA46A-AF9B-4B33-A202-EC73E793F046}.Debug|Any CPU.ActiveCfg = Debug|Any CPU
		{32FFA46A-AF9B-4B33-A202-EC73E793F046}.Debug|Any CPU.Build.0 = Debug|Any CPU
		{32FFA46A-AF9B-4B33-A202-EC73E793F046}.Debug|Any CPU.Deploy.0 = Debug|Any CPU
		{32FFA46A-AF9B-4B33-A202-EC73E793F046}.Debug|ARM.ActiveCfg = Debug|Any CPU
		{32FFA46A-AF9B-4B33-A202-EC73E793F046}.Debug|ARM.Build.0 = Debug|Any CPU
		{32FFA46A-AF9B-4B33-A202-EC73E793F046}.Debug|ARM.Deploy.0 = Debug|Any CPU
		{32FFA46A-AF9B-4B33-A202-EC73E793F046}.Debug|iPhone.ActiveCfg = Debug|Any CPU
		{32FFA46A-AF9B-4B33-A202-EC73E793F046}.Debug|iPhone.Build.0 = Debug|Any CPU
		{32FFA46A-AF9B-4B33-A202-EC73E793F046}.Debug|iPhone.Deploy.0 = Debug|Any CPU
		{32FFA46A-AF9B-4B33-A202-EC73E793F046}.Debug|iPhoneSimulator.ActiveCfg = Debug|Any CPU
		{32FFA46A-AF9B-4B33-A202-EC73E793F046}.Debug|iPhoneSimulator.Build.0 = Debug|Any CPU
		{32FFA46A-AF9B-4B33-A202-EC73E793F046}.Debug|iPhoneSimulator.Deploy.0 = Debug|Any CPU
		{32FFA46A-AF9B-4B33-A202-EC73E793F046}.Debug|x64.ActiveCfg = Debug|Any CPU
		{32FFA46A-AF9B-4B33-A202-EC73E793F046}.Debug|x64.Build.0 = Debug|Any CPU
		{32FFA46A-AF9B-4B33-A202-EC73E793F046}.Debug|x64.Deploy.0 = Debug|Any CPU
		{32FFA46A-AF9B-4B33-A202-EC73E793F046}.Debug|x86.ActiveCfg = Debug|Any CPU
		{32FFA46A-AF9B-4B33-A202-EC73E793F046}.Debug|x86.Build.0 = Debug|Any CPU
		{32FFA46A-AF9B-4B33-A202-EC73E793F046}.Debug|x86.Deploy.0 = Debug|Any CPU
		{32FFA46A-AF9B-4B33-A202-EC73E793F046}.Release|Any CPU.ActiveCfg = Release|Any CPU
		{32FFA46A-AF9B-4B33-A202-EC73E793F046}.Release|Any CPU.Build.0 = Release|Any CPU
		{32FFA46A-AF9B-4B33-A202-EC73E793F046}.Release|Any CPU.Deploy.0 = Release|Any CPU
		{32FFA46A-AF9B-4B33-A202-EC73E793F046}.Release|ARM.ActiveCfg = Release|Any CPU
		{32FFA46A-AF9B-4B33-A202-EC73E793F046}.Release|ARM.Build.0 = Release|Any CPU
		{32FFA46A-AF9B-4B33-A202-EC73E793F046}.Release|ARM.Deploy.0 = Release|Any CPU
		{32FFA46A-AF9B-4B33-A202-EC73E793F046}.Release|iPhone.ActiveCfg = Release|Any CPU
		{32FFA46A-AF9B-4B33-A202-EC73E793F046}.Release|iPhone.Build.0 = Release|Any CPU
		{32FFA46A-AF9B-4B33-A202-EC73E793F046}.Release|iPhone.Deploy.0 = Release|Any CPU
		{32FFA46A-AF9B-4B33-A202-EC73E793F046}.Release|iPhoneSimulator.ActiveCfg = Release|Any CPU
		{32FFA46A-AF9B-4B33-A202-EC73E793F046}.Release|iPhoneSimulator.Build.0 = Release|Any CPU
		{32FFA46A-AF9B-4B33-A202-EC73E793F046}.Release|iPhoneSimulator.Deploy.0 = Release|Any CPU
		{32FFA46A-AF9B-4B33-A202-EC73E793F046}.Release|x64.ActiveCfg = Release|Any CPU
		{32FFA46A-AF9B-4B33-A202-EC73E793F046}.Release|x64.Build.0 = Release|Any CPU
		{32FFA46A-AF9B-4B33-A202-EC73E793F046}.Release|x64.Deploy.0 = Release|Any CPU
		{32FFA46A-AF9B-4B33-A202-EC73E793F046}.Release|x86.ActiveCfg = Release|Any CPU
		{32FFA46A-AF9B-4B33-A202-EC73E793F046}.Release|x86.Build.0 = Release|Any CPU
		{32FFA46A-AF9B-4B33-A202-EC73E793F046}.Release|x86.Deploy.0 = Release|Any CPU
		{FC6FED80-1B95-4FEA-AB5C-8D3F33C5AEED}.Ad-Hoc|Any CPU.ActiveCfg = Release|Any CPU
		{FC6FED80-1B95-4FEA-AB5C-8D3F33C5AEED}.Ad-Hoc|Any CPU.Build.0 = Release|Any CPU
		{FC6FED80-1B95-4FEA-AB5C-8D3F33C5AEED}.Ad-Hoc|ARM.ActiveCfg = Release|Any CPU
		{FC6FED80-1B95-4FEA-AB5C-8D3F33C5AEED}.Ad-Hoc|ARM.Build.0 = Release|Any CPU
		{FC6FED80-1B95-4FEA-AB5C-8D3F33C5AEED}.Ad-Hoc|iPhone.ActiveCfg = Release|Any CPU
		{FC6FED80-1B95-4FEA-AB5C-8D3F33C5AEED}.Ad-Hoc|iPhone.Build.0 = Release|Any CPU
		{FC6FED80-1B95-4FEA-AB5C-8D3F33C5AEED}.Ad-Hoc|iPhoneSimulator.ActiveCfg = Release|Any CPU
		{FC6FED80-1B95-4FEA-AB5C-8D3F33C5AEED}.Ad-Hoc|iPhoneSimulator.Build.0 = Release|Any CPU
		{FC6FED80-1B95-4FEA-AB5C-8D3F33C5AEED}.Ad-Hoc|x64.ActiveCfg = Release|Any CPU
		{FC6FED80-1B95-4FEA-AB5C-8D3F33C5AEED}.Ad-Hoc|x64.Build.0 = Release|Any CPU
		{FC6FED80-1B95-4FEA-AB5C-8D3F33C5AEED}.Ad-Hoc|x86.ActiveCfg = Release|Any CPU
		{FC6FED80-1B95-4FEA-AB5C-8D3F33C5AEED}.Ad-Hoc|x86.Build.0 = Release|Any CPU
		{FC6FED80-1B95-4FEA-AB5C-8D3F33C5AEED}.AppStore|Any CPU.ActiveCfg = Release|Any CPU
		{FC6FED80-1B95-4FEA-AB5C-8D3F33C5AEED}.AppStore|Any CPU.Build.0 = Release|Any CPU
		{FC6FED80-1B95-4FEA-AB5C-8D3F33C5AEED}.AppStore|ARM.ActiveCfg = Release|Any CPU
		{FC6FED80-1B95-4FEA-AB5C-8D3F33C5AEED}.AppStore|ARM.Build.0 = Release|Any CPU
		{FC6FED80-1B95-4FEA-AB5C-8D3F33C5AEED}.AppStore|iPhone.ActiveCfg = Release|Any CPU
		{FC6FED80-1B95-4FEA-AB5C-8D3F33C5AEED}.AppStore|iPhone.Build.0 = Release|Any CPU
		{FC6FED80-1B95-4FEA-AB5C-8D3F33C5AEED}.AppStore|iPhoneSimulator.ActiveCfg = Release|Any CPU
		{FC6FED80-1B95-4FEA-AB5C-8D3F33C5AEED}.AppStore|iPhoneSimulator.Build.0 = Release|Any CPU
		{FC6FED80-1B95-4FEA-AB5C-8D3F33C5AEED}.AppStore|x64.ActiveCfg = Release|Any CPU
		{FC6FED80-1B95-4FEA-AB5C-8D3F33C5AEED}.AppStore|x64.Build.0 = Release|Any CPU
		{FC6FED80-1B95-4FEA-AB5C-8D3F33C5AEED}.AppStore|x86.ActiveCfg = Release|Any CPU
		{FC6FED80-1B95-4FEA-AB5C-8D3F33C5AEED}.AppStore|x86.Build.0 = Release|Any CPU
		{FC6FED80-1B95-4FEA-AB5C-8D3F33C5AEED}.Debug|Any CPU.ActiveCfg = Debug|Any CPU
		{FC6FED80-1B95-4FEA-AB5C-8D3F33C5AEED}.Debug|Any CPU.Build.0 = Debug|Any CPU
		{FC6FED80-1B95-4FEA-AB5C-8D3F33C5AEED}.Debug|ARM.ActiveCfg = Debug|Any CPU
		{FC6FED80-1B95-4FEA-AB5C-8D3F33C5AEED}.Debug|ARM.Build.0 = Debug|Any CPU
		{FC6FED80-1B95-4FEA-AB5C-8D3F33C5AEED}.Debug|iPhone.ActiveCfg = Debug|Any CPU
		{FC6FED80-1B95-4FEA-AB5C-8D3F33C5AEED}.Debug|iPhone.Build.0 = Debug|Any CPU
		{FC6FED80-1B95-4FEA-AB5C-8D3F33C5AEED}.Debug|iPhoneSimulator.ActiveCfg = Debug|Any CPU
		{FC6FED80-1B95-4FEA-AB5C-8D3F33C5AEED}.Debug|iPhoneSimulator.Build.0 = Debug|Any CPU
		{FC6FED80-1B95-4FEA-AB5C-8D3F33C5AEED}.Debug|x64.ActiveCfg = Debug|Any CPU
		{FC6FED80-1B95-4FEA-AB5C-8D3F33C5AEED}.Debug|x64.Build.0 = Debug|Any CPU
		{FC6FED80-1B95-4FEA-AB5C-8D3F33C5AEED}.Debug|x86.ActiveCfg = Debug|Any CPU
		{FC6FED80-1B95-4FEA-AB5C-8D3F33C5AEED}.Debug|x86.Build.0 = Debug|Any CPU
		{FC6FED80-1B95-4FEA-AB5C-8D3F33C5AEED}.Release|Any CPU.ActiveCfg = Release|Any CPU
		{FC6FED80-1B95-4FEA-AB5C-8D3F33C5AEED}.Release|Any CPU.Build.0 = Release|Any CPU
		{FC6FED80-1B95-4FEA-AB5C-8D3F33C5AEED}.Release|ARM.ActiveCfg = Release|Any CPU
		{FC6FED80-1B95-4FEA-AB5C-8D3F33C5AEED}.Release|ARM.Build.0 = Release|Any CPU
		{FC6FED80-1B95-4FEA-AB5C-8D3F33C5AEED}.Release|iPhone.ActiveCfg = Release|Any CPU
		{FC6FED80-1B95-4FEA-AB5C-8D3F33C5AEED}.Release|iPhone.Build.0 = Release|Any CPU
		{FC6FED80-1B95-4FEA-AB5C-8D3F33C5AEED}.Release|iPhoneSimulator.ActiveCfg = Release|Any CPU
		{FC6FED80-1B95-4FEA-AB5C-8D3F33C5AEED}.Release|iPhoneSimulator.Build.0 = Release|Any CPU
		{FC6FED80-1B95-4FEA-AB5C-8D3F33C5AEED}.Release|x64.ActiveCfg = Release|Any CPU
		{FC6FED80-1B95-4FEA-AB5C-8D3F33C5AEED}.Release|x64.Build.0 = Release|Any CPU
		{FC6FED80-1B95-4FEA-AB5C-8D3F33C5AEED}.Release|x86.ActiveCfg = Release|Any CPU
		{FC6FED80-1B95-4FEA-AB5C-8D3F33C5AEED}.Release|x86.Build.0 = Release|Any CPU
		{AD223197-2CEC-4F53-B7BC-A0823F2B7446}.Ad-Hoc|Any CPU.ActiveCfg = Release|x86
		{AD223197-2CEC-4F53-B7BC-A0823F2B7446}.Ad-Hoc|Any CPU.Build.0 = Release|x86
		{AD223197-2CEC-4F53-B7BC-A0823F2B7446}.Ad-Hoc|Any CPU.Deploy.0 = Release|x86
		{AD223197-2CEC-4F53-B7BC-A0823F2B7446}.Ad-Hoc|ARM.ActiveCfg = Release|ARM
		{AD223197-2CEC-4F53-B7BC-A0823F2B7446}.Ad-Hoc|ARM.Build.0 = Release|ARM
		{AD223197-2CEC-4F53-B7BC-A0823F2B7446}.Ad-Hoc|ARM.Deploy.0 = Release|ARM
		{AD223197-2CEC-4F53-B7BC-A0823F2B7446}.Ad-Hoc|iPhone.ActiveCfg = Release|x86
		{AD223197-2CEC-4F53-B7BC-A0823F2B7446}.Ad-Hoc|iPhone.Build.0 = Release|x86
		{AD223197-2CEC-4F53-B7BC-A0823F2B7446}.Ad-Hoc|iPhone.Deploy.0 = Release|x86
		{AD223197-2CEC-4F53-B7BC-A0823F2B7446}.Ad-Hoc|iPhoneSimulator.ActiveCfg = Release|x86
		{AD223197-2CEC-4F53-B7BC-A0823F2B7446}.Ad-Hoc|iPhoneSimulator.Build.0 = Release|x86
		{AD223197-2CEC-4F53-B7BC-A0823F2B7446}.Ad-Hoc|iPhoneSimulator.Deploy.0 = Release|x86
		{AD223197-2CEC-4F53-B7BC-A0823F2B7446}.Ad-Hoc|x64.ActiveCfg = Release|x64
		{AD223197-2CEC-4F53-B7BC-A0823F2B7446}.Ad-Hoc|x64.Build.0 = Release|x64
		{AD223197-2CEC-4F53-B7BC-A0823F2B7446}.Ad-Hoc|x64.Deploy.0 = Release|x64
		{AD223197-2CEC-4F53-B7BC-A0823F2B7446}.Ad-Hoc|x86.ActiveCfg = Release|x86
		{AD223197-2CEC-4F53-B7BC-A0823F2B7446}.Ad-Hoc|x86.Build.0 = Release|x86
		{AD223197-2CEC-4F53-B7BC-A0823F2B7446}.Ad-Hoc|x86.Deploy.0 = Release|x86
		{AD223197-2CEC-4F53-B7BC-A0823F2B7446}.AppStore|Any CPU.ActiveCfg = Release|x86
		{AD223197-2CEC-4F53-B7BC-A0823F2B7446}.AppStore|Any CPU.Build.0 = Release|x86
		{AD223197-2CEC-4F53-B7BC-A0823F2B7446}.AppStore|Any CPU.Deploy.0 = Release|x86
		{AD223197-2CEC-4F53-B7BC-A0823F2B7446}.AppStore|ARM.ActiveCfg = Release|ARM
		{AD223197-2CEC-4F53-B7BC-A0823F2B7446}.AppStore|ARM.Build.0 = Release|ARM
		{AD223197-2CEC-4F53-B7BC-A0823F2B7446}.AppStore|ARM.Deploy.0 = Release|ARM
		{AD223197-2CEC-4F53-B7BC-A0823F2B7446}.AppStore|iPhone.ActiveCfg = Release|x86
		{AD223197-2CEC-4F53-B7BC-A0823F2B7446}.AppStore|iPhone.Build.0 = Release|x86
		{AD223197-2CEC-4F53-B7BC-A0823F2B7446}.AppStore|iPhone.Deploy.0 = Release|x86
		{AD223197-2CEC-4F53-B7BC-A0823F2B7446}.AppStore|iPhoneSimulator.ActiveCfg = Release|x86
		{AD223197-2CEC-4F53-B7BC-A0823F2B7446}.AppStore|iPhoneSimulator.Build.0 = Release|x86
		{AD223197-2CEC-4F53-B7BC-A0823F2B7446}.AppStore|iPhoneSimulator.Deploy.0 = Release|x86
		{AD223197-2CEC-4F53-B7BC-A0823F2B7446}.AppStore|x64.ActiveCfg = Release|x64
		{AD223197-2CEC-4F53-B7BC-A0823F2B7446}.AppStore|x64.Build.0 = Release|x64
		{AD223197-2CEC-4F53-B7BC-A0823F2B7446}.AppStore|x64.Deploy.0 = Release|x64
		{AD223197-2CEC-4F53-B7BC-A0823F2B7446}.AppStore|x86.ActiveCfg = Release|x86
		{AD223197-2CEC-4F53-B7BC-A0823F2B7446}.AppStore|x86.Build.0 = Release|x86
		{AD223197-2CEC-4F53-B7BC-A0823F2B7446}.AppStore|x86.Deploy.0 = Release|x86
		{AD223197-2CEC-4F53-B7BC-A0823F2B7446}.Debug|Any CPU.ActiveCfg = Debug|x86
		{AD223197-2CEC-4F53-B7BC-A0823F2B7446}.Debug|ARM.ActiveCfg = Debug|ARM
		{AD223197-2CEC-4F53-B7BC-A0823F2B7446}.Debug|ARM.Build.0 = Debug|ARM
		{AD223197-2CEC-4F53-B7BC-A0823F2B7446}.Debug|ARM.Deploy.0 = Debug|ARM
		{AD223197-2CEC-4F53-B7BC-A0823F2B7446}.Debug|iPhone.ActiveCfg = Debug|x86
		{AD223197-2CEC-4F53-B7BC-A0823F2B7446}.Debug|iPhoneSimulator.ActiveCfg = Debug|x86
		{AD223197-2CEC-4F53-B7BC-A0823F2B7446}.Debug|x64.ActiveCfg = Debug|x64
		{AD223197-2CEC-4F53-B7BC-A0823F2B7446}.Debug|x64.Build.0 = Debug|x64
		{AD223197-2CEC-4F53-B7BC-A0823F2B7446}.Debug|x64.Deploy.0 = Debug|x64
		{AD223197-2CEC-4F53-B7BC-A0823F2B7446}.Debug|x86.ActiveCfg = Debug|x86
		{AD223197-2CEC-4F53-B7BC-A0823F2B7446}.Debug|x86.Build.0 = Debug|x86
		{AD223197-2CEC-4F53-B7BC-A0823F2B7446}.Debug|x86.Deploy.0 = Debug|x86
		{AD223197-2CEC-4F53-B7BC-A0823F2B7446}.Release|Any CPU.ActiveCfg = Release|x86
		{AD223197-2CEC-4F53-B7BC-A0823F2B7446}.Release|ARM.ActiveCfg = Release|ARM
		{AD223197-2CEC-4F53-B7BC-A0823F2B7446}.Release|ARM.Build.0 = Release|ARM
		{AD223197-2CEC-4F53-B7BC-A0823F2B7446}.Release|ARM.Deploy.0 = Release|ARM
		{AD223197-2CEC-4F53-B7BC-A0823F2B7446}.Release|iPhone.ActiveCfg = Release|x86
		{AD223197-2CEC-4F53-B7BC-A0823F2B7446}.Release|iPhoneSimulator.ActiveCfg = Release|x86
		{AD223197-2CEC-4F53-B7BC-A0823F2B7446}.Release|x64.ActiveCfg = Release|x64
		{AD223197-2CEC-4F53-B7BC-A0823F2B7446}.Release|x64.Build.0 = Release|x64
		{AD223197-2CEC-4F53-B7BC-A0823F2B7446}.Release|x64.Deploy.0 = Release|x64
		{AD223197-2CEC-4F53-B7BC-A0823F2B7446}.Release|x86.ActiveCfg = Release|x86
		{AD223197-2CEC-4F53-B7BC-A0823F2B7446}.Release|x86.Build.0 = Release|x86
		{AD223197-2CEC-4F53-B7BC-A0823F2B7446}.Release|x86.Deploy.0 = Release|x86
		{8216052D-1993-4084-9507-B4A6336EA225}.Ad-Hoc|Any CPU.ActiveCfg = Ad-Hoc|iPhone
		{8216052D-1993-4084-9507-B4A6336EA225}.Ad-Hoc|ARM.ActiveCfg = Ad-Hoc|iPhone
		{8216052D-1993-4084-9507-B4A6336EA225}.Ad-Hoc|iPhone.ActiveCfg = Ad-Hoc|iPhone
		{8216052D-1993-4084-9507-B4A6336EA225}.Ad-Hoc|iPhone.Build.0 = Ad-Hoc|iPhone
		{8216052D-1993-4084-9507-B4A6336EA225}.Ad-Hoc|iPhoneSimulator.ActiveCfg = Ad-Hoc|iPhoneSimulator
		{8216052D-1993-4084-9507-B4A6336EA225}.Ad-Hoc|iPhoneSimulator.Build.0 = Ad-Hoc|iPhoneSimulator
		{8216052D-1993-4084-9507-B4A6336EA225}.Ad-Hoc|x64.ActiveCfg = Ad-Hoc|iPhone
		{8216052D-1993-4084-9507-B4A6336EA225}.Ad-Hoc|x86.ActiveCfg = Ad-Hoc|iPhone
		{8216052D-1993-4084-9507-B4A6336EA225}.AppStore|Any CPU.ActiveCfg = AppStore|iPhone
		{8216052D-1993-4084-9507-B4A6336EA225}.AppStore|ARM.ActiveCfg = AppStore|iPhone
		{8216052D-1993-4084-9507-B4A6336EA225}.AppStore|iPhone.ActiveCfg = AppStore|iPhone
		{8216052D-1993-4084-9507-B4A6336EA225}.AppStore|iPhone.Build.0 = AppStore|iPhone
		{8216052D-1993-4084-9507-B4A6336EA225}.AppStore|iPhoneSimulator.ActiveCfg = AppStore|iPhoneSimulator
		{8216052D-1993-4084-9507-B4A6336EA225}.AppStore|iPhoneSimulator.Build.0 = AppStore|iPhoneSimulator
		{8216052D-1993-4084-9507-B4A6336EA225}.AppStore|x64.ActiveCfg = AppStore|iPhone
		{8216052D-1993-4084-9507-B4A6336EA225}.AppStore|x86.ActiveCfg = AppStore|iPhone
		{8216052D-1993-4084-9507-B4A6336EA225}.Debug|Any CPU.ActiveCfg = Debug|iPhone
		{8216052D-1993-4084-9507-B4A6336EA225}.Debug|ARM.ActiveCfg = Debug|iPhone
		{8216052D-1993-4084-9507-B4A6336EA225}.Debug|iPhone.ActiveCfg = Debug|iPhone
		{8216052D-1993-4084-9507-B4A6336EA225}.Debug|iPhone.Build.0 = Debug|iPhone
		{8216052D-1993-4084-9507-B4A6336EA225}.Debug|iPhoneSimulator.ActiveCfg = Debug|iPhoneSimulator
		{8216052D-1993-4084-9507-B4A6336EA225}.Debug|iPhoneSimulator.Build.0 = Debug|iPhoneSimulator
		{8216052D-1993-4084-9507-B4A6336EA225}.Debug|x64.ActiveCfg = Debug|iPhone
		{8216052D-1993-4084-9507-B4A6336EA225}.Debug|x86.ActiveCfg = Debug|iPhone
		{8216052D-1993-4084-9507-B4A6336EA225}.Release|Any CPU.ActiveCfg = Release|iPhone
		{8216052D-1993-4084-9507-B4A6336EA225}.Release|ARM.ActiveCfg = Release|iPhone
		{8216052D-1993-4084-9507-B4A6336EA225}.Release|iPhone.ActiveCfg = Release|iPhone
		{8216052D-1993-4084-9507-B4A6336EA225}.Release|iPhone.Build.0 = Release|iPhone
		{8216052D-1993-4084-9507-B4A6336EA225}.Release|iPhoneSimulator.ActiveCfg = Release|iPhoneSimulator
		{8216052D-1993-4084-9507-B4A6336EA225}.Release|iPhoneSimulator.Build.0 = Release|iPhoneSimulator
		{8216052D-1993-4084-9507-B4A6336EA225}.Release|x64.ActiveCfg = Release|iPhone
		{8216052D-1993-4084-9507-B4A6336EA225}.Release|x86.ActiveCfg = Release|iPhone
		{19C456F1-6DC4-44D9-B21B-B4734CAEBBFC}.Ad-Hoc|Any CPU.ActiveCfg = Release|Any CPU
		{19C456F1-6DC4-44D9-B21B-B4734CAEBBFC}.Ad-Hoc|Any CPU.Build.0 = Release|Any CPU
		{19C456F1-6DC4-44D9-B21B-B4734CAEBBFC}.Ad-Hoc|ARM.ActiveCfg = Release|Any CPU
		{19C456F1-6DC4-44D9-B21B-B4734CAEBBFC}.Ad-Hoc|ARM.Build.0 = Release|Any CPU
		{19C456F1-6DC4-44D9-B21B-B4734CAEBBFC}.Ad-Hoc|iPhone.ActiveCfg = Release|Any CPU
		{19C456F1-6DC4-44D9-B21B-B4734CAEBBFC}.Ad-Hoc|iPhone.Build.0 = Release|Any CPU
		{19C456F1-6DC4-44D9-B21B-B4734CAEBBFC}.Ad-Hoc|iPhoneSimulator.ActiveCfg = Release|Any CPU
		{19C456F1-6DC4-44D9-B21B-B4734CAEBBFC}.Ad-Hoc|iPhoneSimulator.Build.0 = Release|Any CPU
		{19C456F1-6DC4-44D9-B21B-B4734CAEBBFC}.Ad-Hoc|x64.ActiveCfg = Release|Any CPU
		{19C456F1-6DC4-44D9-B21B-B4734CAEBBFC}.Ad-Hoc|x64.Build.0 = Release|Any CPU
		{19C456F1-6DC4-44D9-B21B-B4734CAEBBFC}.Ad-Hoc|x86.ActiveCfg = Release|Any CPU
		{19C456F1-6DC4-44D9-B21B-B4734CAEBBFC}.Ad-Hoc|x86.Build.0 = Release|Any CPU
		{19C456F1-6DC4-44D9-B21B-B4734CAEBBFC}.AppStore|Any CPU.ActiveCfg = Release|Any CPU
		{19C456F1-6DC4-44D9-B21B-B4734CAEBBFC}.AppStore|Any CPU.Build.0 = Release|Any CPU
		{19C456F1-6DC4-44D9-B21B-B4734CAEBBFC}.AppStore|ARM.ActiveCfg = Release|Any CPU
		{19C456F1-6DC4-44D9-B21B-B4734CAEBBFC}.AppStore|ARM.Build.0 = Release|Any CPU
		{19C456F1-6DC4-44D9-B21B-B4734CAEBBFC}.AppStore|iPhone.ActiveCfg = Release|Any CPU
		{19C456F1-6DC4-44D9-B21B-B4734CAEBBFC}.AppStore|iPhone.Build.0 = Release|Any CPU
		{19C456F1-6DC4-44D9-B21B-B4734CAEBBFC}.AppStore|iPhoneSimulator.ActiveCfg = Release|Any CPU
		{19C456F1-6DC4-44D9-B21B-B4734CAEBBFC}.AppStore|iPhoneSimulator.Build.0 = Release|Any CPU
		{19C456F1-6DC4-44D9-B21B-B4734CAEBBFC}.AppStore|x64.ActiveCfg = Release|Any CPU
		{19C456F1-6DC4-44D9-B21B-B4734CAEBBFC}.AppStore|x64.Build.0 = Release|Any CPU
		{19C456F1-6DC4-44D9-B21B-B4734CAEBBFC}.AppStore|x86.ActiveCfg = Release|Any CPU
		{19C456F1-6DC4-44D9-B21B-B4734CAEBBFC}.AppStore|x86.Build.0 = Release|Any CPU
		{19C456F1-6DC4-44D9-B21B-B4734CAEBBFC}.Debug|Any CPU.ActiveCfg = Debug|Any CPU
		{19C456F1-6DC4-44D9-B21B-B4734CAEBBFC}.Debug|Any CPU.Build.0 = Debug|Any CPU
		{19C456F1-6DC4-44D9-B21B-B4734CAEBBFC}.Debug|ARM.ActiveCfg = Debug|Any CPU
		{19C456F1-6DC4-44D9-B21B-B4734CAEBBFC}.Debug|ARM.Build.0 = Debug|Any CPU
		{19C456F1-6DC4-44D9-B21B-B4734CAEBBFC}.Debug|iPhone.ActiveCfg = Debug|Any CPU
		{19C456F1-6DC4-44D9-B21B-B4734CAEBBFC}.Debug|iPhone.Build.0 = Debug|Any CPU
		{19C456F1-6DC4-44D9-B21B-B4734CAEBBFC}.Debug|iPhoneSimulator.ActiveCfg = Debug|Any CPU
		{19C456F1-6DC4-44D9-B21B-B4734CAEBBFC}.Debug|iPhoneSimulator.Build.0 = Debug|Any CPU
		{19C456F1-6DC4-44D9-B21B-B4734CAEBBFC}.Debug|x64.ActiveCfg = Debug|Any CPU
		{19C456F1-6DC4-44D9-B21B-B4734CAEBBFC}.Debug|x64.Build.0 = Debug|Any CPU
		{19C456F1-6DC4-44D9-B21B-B4734CAEBBFC}.Debug|x86.ActiveCfg = Debug|Any CPU
		{19C456F1-6DC4-44D9-B21B-B4734CAEBBFC}.Debug|x86.Build.0 = Debug|Any CPU
		{19C456F1-6DC4-44D9-B21B-B4734CAEBBFC}.Release|Any CPU.ActiveCfg = Release|Any CPU
		{19C456F1-6DC4-44D9-B21B-B4734CAEBBFC}.Release|Any CPU.Build.0 = Release|Any CPU
		{19C456F1-6DC4-44D9-B21B-B4734CAEBBFC}.Release|ARM.ActiveCfg = Release|Any CPU
		{19C456F1-6DC4-44D9-B21B-B4734CAEBBFC}.Release|ARM.Build.0 = Release|Any CPU
		{19C456F1-6DC4-44D9-B21B-B4734CAEBBFC}.Release|iPhone.ActiveCfg = Release|Any CPU
		{19C456F1-6DC4-44D9-B21B-B4734CAEBBFC}.Release|iPhone.Build.0 = Release|Any CPU
		{19C456F1-6DC4-44D9-B21B-B4734CAEBBFC}.Release|iPhoneSimulator.ActiveCfg = Release|Any CPU
		{19C456F1-6DC4-44D9-B21B-B4734CAEBBFC}.Release|iPhoneSimulator.Build.0 = Release|Any CPU
		{19C456F1-6DC4-44D9-B21B-B4734CAEBBFC}.Release|x64.ActiveCfg = Release|Any CPU
		{19C456F1-6DC4-44D9-B21B-B4734CAEBBFC}.Release|x64.Build.0 = Release|Any CPU
		{19C456F1-6DC4-44D9-B21B-B4734CAEBBFC}.Release|x86.ActiveCfg = Release|Any CPU
		{19C456F1-6DC4-44D9-B21B-B4734CAEBBFC}.Release|x86.Build.0 = Release|Any CPU
	EndGlobalSection
	GlobalSection(SolutionProperties) = preSolution
		HideSolutionNode = FALSE
	EndGlobalSection
	GlobalSection(ExtensibilityGlobals) = postSolution
		SolutionGuid = {CC903E82-DCB0-4148-B200-4523378A6FBA}
	EndGlobalSection
EndGlobal
